
Microsoft Visual Studio Solution File, Format Version 12.00
# Visual Studio Version 17
VisualStudioVersion = 17.7.34018.315
MinimumVisualStudioVersion = 10.0.40219.1
Project("{FAE04EC0-301F-11D3-BF4B-00C04F79EFBC}") = "TARpe22ShopNoukas", "TARpe22ShopNoukas\TARpe22ShopNoukas.csproj", "{67B37EDE-9F95-435F-804F-7715D5A0BFFC}"
EndProject
Global
	GlobalSection(SolutionConfigurationPlatforms) = preSolution
		Debug|Any CPU = Debug|Any CPU
		Release|Any CPU = Release|Any CPU
	EndGlobalSection
	GlobalSection(ProjectConfigurationPlatforms) = postSolution
		{67B37EDE-9F95-435F-804F-7715D5A0BFFC}.Debug|Any CPU.ActiveCfg = Debug|Any CPU
		{67B37EDE-9F95-435F-804F-7715D5A0BFFC}.Debug|Any CPU.Build.0 = Debug|Any CPU
		{67B37EDE-9F95-435F-804F-7715D5A0BFFC}.Release|Any CPU.ActiveCfg = Release|Any CPU
		{67B37EDE-9F95-435F-804F-7715D5A0BFFC}.Release|Any CPU.Build.0 = Release|Any CPU
	EndGlobalSection
	GlobalSection(SolutionProperties) = preSolution
		HideSolutionNode = FALSE
	EndGlobalSection
	GlobalSection(ExtensibilityGlobals) = postSolution
		SolutionGuid = {D23E735B-6A44-42B2-9450-66678BBE8150}
	EndGlobalSection
EndGlobal
